{
    "_meta": {
        "hash": {
            "sha256": "6f9a2f6f52874ce6991493f9261fa8b7c11b1cc8aa0a9e6d48d6defdd12b91e3"
        },
        "pipfile-spec": 6,
        "requires": {
            "python_full_version": "3.11.4",
            "python_version": "3.11"
        },
        "sources": [
            {
                "name": "pypi",
                "url": "https://pypi.org/simple",
                "verify_ssl": true
            }
        ]
    },
    "default": {
        "beautifulsoup4": {
            "hashes": [
                "sha256:9bbbb14bfde9d79f38b8cd5f8c7c85f4b8f2523190ebed90e950a8dea4cb1c4b",
                "sha256:dbb3c4e1ceae6aefebdaf2423247260cd062430a410e38c66f2baa50a8437195"
            ],
            "index": "pypi",
            "markers": "python_full_version >= '3.7.0'",
            "version": "==4.13.4"
        },
        "greenlet": {
            "hashes": [
                "sha256:003c930e0e074db83559edc8705f3a2d066d4aa8c2f198aff1e454946efd0f26",
                "sha256:024571bbce5f2c1cfff08bf3fbaa43bbc7444f580ae13b0099e95d0e6e67ed36",
                "sha256:02b0df6f63cd15012bed5401b47829cfd2e97052dc89da3cfaf2c779124eb892",
                "sha256:0921ac4ea42a5315d3446120ad48f90c3a6b9bb93dd9b3cf4e4d84a66e42de83",
                "sha256:0cc73378150b8b78b0c9fe2ce56e166695e67478550769536a6742dca3651688",
                "sha256:1afd685acd5597349ee6d7a88a8bec83ce13c106ac78c196ee9dde7c04fe87be",
                "sha256:22eb5ba839c4b2156f18f76768233fe44b23a31decd9cc0d4cc8141c211fd1b4",
                "sha256:25ad29caed5783d4bd7a85c9251c651696164622494c00802a139c00d639242d",
                "sha256:29e184536ba333003540790ba29829ac14bb645514fbd7e32af331e8202a62a5",
                "sha256:2c724620a101f8170065d7dded3f962a2aea7a7dae133a009cada42847e04a7b",
                "sha256:2d8aa5423cd4a396792f6d4580f88bdc6efcb9205891c9d40d20f6e670992efb",
                "sha256:3d04332dddb10b4a211b68111dabaee2e1a073663d117dc10247b5b1642bac86",
                "sha256:419e60f80709510c343c57b4bb5a339d8767bf9aef9b8ce43f4f143240f88b7c",
                "sha256:42efc522c0bd75ffa11a71e09cd8a399d83fafe36db250a87cf1dacfaa15dc64",
                "sha256:4532f0d25df67f896d137431b13f4cdce89f7e3d4a96387a41290910df4d3a57",
                "sha256:49c8cfb18fb419b3d08e011228ef8a25882397f3a859b9fe1436946140b6756b",
                "sha256:500b8689aa9dd1ab26872a34084503aeddefcb438e2e7317b89b11eaea1901ad",
                "sha256:5035d77a27b7c62db6cf41cf786cfe2242644a7a337a0e155c80960598baab95",
                "sha256:5195fb1e75e592dd04ce79881c8a22becdfa3e6f500e7feb059b1e6fdd54d3e3",
                "sha256:592c12fb1165be74592f5de0d70f82bc5ba552ac44800d632214b76089945147",
                "sha256:68671180e3849b963649254a882cd544a3c75bfcd2c527346ad8bb53494444db",
                "sha256:706d016a03e78df129f68c4c9b4c4f963f7d73534e48a24f5f5a7101ed13dbbb",
                "sha256:72e77ed69312bab0434d7292316d5afd6896192ac4327d44f3d613ecb85b037c",
                "sha256:731e154aba8e757aedd0781d4b240f1225b075b4409f1bb83b05ff410582cf00",
                "sha256:7454d37c740bb27bdeddfc3f358f26956a07d5220818ceb467a483197d84f849",
                "sha256:751261fc5ad7b6705f5f76726567375bb2104a059454e0226e1eef6c756748ba",
                "sha256:761917cac215c61e9dc7324b2606107b3b292a8349bdebb31503ab4de3f559ac",
                "sha256:784ae58bba89fa1fa5733d170d42486580cab9decda3484779f4759345b29822",
                "sha256:7e70ea4384b81ef9e84192e8a77fb87573138aa5d4feee541d8014e452b434da",
                "sha256:8186162dffde068a465deab08fc72c767196895c39db26ab1c17c0b77a6d8b97",
                "sha256:8324319cbd7b35b97990090808fdc99c27fe5338f87db50514959f8059999805",
                "sha256:83a8761c75312361aa2b5b903b79da97f13f556164a7dd2d5448655425bd4c34",
                "sha256:86c2d68e87107c1792e2e8d5399acec2487a4e993ab76c792408e59394d52141",
                "sha256:8704b3768d2f51150626962f4b9a9e4a17d2e37c8a8d9867bbd9fa4eb938d3b3",
                "sha256:873abe55f134c48e1f2a6f53f7d1419192a3d1a4e873bace00499a4e45ea6af0",
                "sha256:88cd97bf37fe24a6710ec6a3a7799f3f81d9cd33317dcf565ff9950c83f55e0b",
                "sha256:8b0dd8ae4c0d6f5e54ee55ba935eeb3d735a9b58a8a1e5b5cbab64e01a39f365",
                "sha256:8c37ef5b3787567d322331d5250e44e42b58c8c713859b8a04c6065f27efbf72",
                "sha256:8c47aae8fbbfcf82cc13327ae802ba13c9c36753b67e760023fd116bc124a62a",
                "sha256:93c0bb79844a367782ec4f429d07589417052e621aa39a5ac1fb99c5aa308edc",
                "sha256:93d48533fade144203816783373f27a97e4193177ebaaf0fc396db19e5d61163",
                "sha256:96c20252c2f792defe9a115d3287e14811036d51e78b3aaddbee23b69b216302",
                "sha256:a07d3472c2a93117af3b0136f246b2833fdc0b542d4a9799ae5f41c28323faef",
                "sha256:a433dbc54e4a37e4fff90ef34f25a8c00aed99b06856f0119dcf09fbafa16392",
                "sha256:aaa7aae1e7f75eaa3ae400ad98f8644bb81e1dc6ba47ce8a93d3f17274e08322",
                "sha256:baeedccca94880d2f5666b4fa16fc20ef50ba1ee353ee2d7092b383a243b0b0d",
                "sha256:be52af4b6292baecfa0f397f3edb3c6092ce071b499dd6fe292c9ac9f2c8f264",
                "sha256:c667c0bf9d406b77a15c924ef3285e1e05250948001220368e039b6aa5b5034b",
                "sha256:ce539fb52fb774d0802175d37fcff5c723e2c7d249c65916257f0a940cee8904",
                "sha256:d2971d93bb99e05f8c2c0c2f4aa9484a18d98c4c3bd3c62b65b7e6ae33dfcfaf",
                "sha256:d760f9bdfe79bff803bad32b4d8ffb2c1d2ce906313fc10a83976ffb73d64ca7",
                "sha256:ed6cfa9200484d234d8394c70f5492f144b20d4533f69262d530a1a082f6ee9a",
                "sha256:efc6dc8a792243c31f2f5674b670b3a95d46fa1c6a912b8e310d6f542e7b0712",
                "sha256:f4bfbaa6096b1b7a200024784217defedf46a07c2eee1a498e94a1b5f8ec5728"
            ],
            "markers": "python_version >= '3.9'",
            "version": "==3.2.3"
        },
        "playwright": {
            "hashes": [
                "sha256:36eedec101724ff5a000cddab87dd9a72a39f9b3e65a687169c465484e667c06",
                "sha256:48a1a15ce810f0ffe512b6050de9871ea193b41dd3cc1bbed87b8431012419ba",
                "sha256:9276c9c935fc062f51f4f5107e56420afd6d9a524348dc437793dc2e34c742e3",
                "sha256:a701f9498a5b87e3f929ec01cea3109fbde75821b19c7ba4bba54f6127b94f76",
                "sha256:d68975807a0fd997433537f1dcf2893cda95884a39dc23c6f591b8d5f691e9e8",
                "sha256:db19cb5b58f3b15cad3e2419f4910c053e889202fc202461ee183f1530d1db60",
                "sha256:f765498341c4037b4c01e742ae32dd335622f249488ccd77ca32d301d7c82c61",
                "sha256:fcfd481f76568d7b011571160e801b47034edd9e2383c43d83a5fb3f35c67885"
            ],
            "index": "pypi",
            "markers": "python_version >= '3.9'",
            "version": "==1.53.0"
        },
        "pyee": {
            "hashes": [
                "sha256:48195a3cddb3b1515ce0695ed76036b5ccc2ef3a9f963ff9f77aec0139845498",
                "sha256:b391e3c5a434d1f5118a25615001dbc8f669cf410ab67d04c4d4e07c55481c37"
            ],
            "markers": "python_version >= '3.8'",
            "version": "==13.0.0"
        },
        "soupsieve": {
            "hashes": [
                "sha256:6e60cc5c1ffaf1cebcc12e8188320b72071e922c2e897f737cadce79ad5d30c4",
                "sha256:ad282f9b6926286d2ead4750552c8a6142bc4c783fd66b0293547c8fe6ae126a"
            ],
            "markers": "python_version >= '3.8'",
            "version": "==2.7"
        },
        "typing-extensions": {
            "hashes": [
                "sha256:38b39f4aeeab64884ce9f74c94263ef78f3c22467c8724005483154c26648d36",
                "sha256:d1e1e3b58374dc93031d6eda2420a48ea44a36c2b4766a4fdeb3710755731d76"
            ],
            "markers": "python_version >= '3.9'",
            "version": "==4.14.1"
        }
    },
    "develop": {}
}
